<Solution>
  <Folder Name="/samples/">
    <Project Path="samples/SampleGateway/SampleGateway.csproj" />
  </Folder>
  <Folder Name="/src/">
    <Project Path="src/MultiTenantHttpClientFactory.Abstractions/MultiTenantHttpClientFactory.Abstractions.csproj" />
    <Project Path="src/MultiTenantHttpClientFactory/MultiTenantHttpClientFactory.csproj" />
  </Folder>
  <Folder Name="/tests/">
    <Project Path="tests/MultiTenantHttpClientFactory.Tests/MultiTenantHttpClientFactory.Tests.csproj" />
  </Folder>
</Solution>
