<Solution>
  <Folder Name="/docs/">
    <File Path="docs/ARCHITECTURE.md" />
    <File Path="docs/DATA_FLOW.md" />
    <File Path="docs/IMPLEMENTATION_PLAN.md" />
    <File Path="docs/INDEX.md" />
    <File Path="docs/OVERVIEW.md" />
    <File Path="docs/QUICK_REFERENCE.md" />
  </Folder>
  <Folder Name="/samples/">
    <Project Path="samples/SampleGateway/SampleGateway.csproj" />
    <Project Path="samples/SampleGatewayWithDb/SampleGatewayWithDb.csproj" />
  </Folder>
  <Folder Name="/src/">
    <Project Path="src/MultiTenantHttpClientFactory.Abstractions/MultiTenantHttpClientFactory.Abstractions.csproj" />
    <Project Path="src/MultiTenantHttpClientFactory/MultiTenantHttpClientFactory.csproj" />
  </Folder>
  <Folder Name="/tests/">
    <Project Path="tests/MultiTenantHttpClientFactory.Tests/MultiTenantHttpClientFactory.Tests.csproj" />
  </Folder>
</Solution>
